
Microsoft Visual Studio Solution File, Format Version 12.00
# Visual Studio Version 17
VisualStudioVersion = 17.8.34322.80
MinimumVisualStudioVersion = 10.0.40219.1
Project("{FAE04EC0-301F-11D3-BF4B-00C04F79EFBC}") = "TareaFigura", "TareaFigura\TareaFigura.csproj", "{3D3CC3FB-BC61-4E9E-96B4-2F7FE9E46E8C}"
EndProject
Global
	GlobalSection(SolutionConfigurationPlatforms) = preSolution
		Debug|Any CPU = Debug|Any CPU
		Release|Any CPU = Release|Any CPU
	EndGlobalSection
	GlobalSection(ProjectConfigurationPlatforms) = postSolution
		{3D3CC3FB-BC61-4E9E-96B4-2F7FE9E46E8C}.Debug|Any CPU.ActiveCfg = Debug|Any CPU
		{3D3CC3FB-BC61-4E9E-96B4-2F7FE9E46E8C}.Debug|Any CPU.Build.0 = Debug|Any CPU
		{3D3CC3FB-BC61-4E9E-96B4-2F7FE9E46E8C}.Release|Any CPU.ActiveCfg = Release|Any CPU
		{3D3CC3FB-BC61-4E9E-96B4-2F7FE9E46E8C}.Release|Any CPU.Build.0 = Release|Any CPU
	EndGlobalSection
	GlobalSection(SolutionProperties) = preSolution
		HideSolutionNode = FALSE
	EndGlobalSection
	GlobalSection(ExtensibilityGlobals) = postSolution
		SolutionGuid = {03C52989-824B-46F6-A962-9BA320BC848C}
	EndGlobalSection
EndGlobal
